
Microsoft Visual Studio Solution File, Format Version 12.00
# Visual Studio Version 16
VisualStudioVersion = 16.0.29728.190
MinimumVisualStudioVersion = 10.0.40219.1
Project("{9A19103F-16F7-4668-BE54-9A1E7A4F7556}") = "CoreCodeCamp", "CoreCodeCamp\CoreCodeCamp.csproj", "{299B7F36-3CBB-488C-901E-B1ABAF1D85E4}"
EndProject
Project("{2150E333-8FDC-42A3-9474-1A3956D46DE8}") = "Solution Items", "Solution Items", "{59A48BD8-8006-49DA-863C-151C7AB42E64}"
	ProjectSection(SolutionItems) = preProject
		..\.gitignore = ..\.gitignore
		..\.github\workflows\buildandtest.yml = ..\.github\workflows\buildandtest.yml
		..\readme.md = ..\readme.md
	EndProjectSection
EndProject
Project("{9A19103F-16F7-4668-BE54-9A1E7A4F7556}") = "AzureImageService", "..\..\AzureImageService\src\AzureImageService\AzureImageService.csproj", "{9524E8A8-3E7F-4422-8E69-54A72BB8DB48}"
EndProject
Global
	GlobalSection(SolutionConfigurationPlatforms) = preSolution
		Debug|Any CPU = Debug|Any CPU
		Release|Any CPU = Release|Any CPU
	EndGlobalSection
	GlobalSection(ProjectConfigurationPlatforms) = postSolution
		{299B7F36-3CBB-488C-901E-B1ABAF1D85E4}.Debug|Any CPU.ActiveCfg = Debug|Any CPU
		{299B7F36-3CBB-488C-901E-B1ABAF1D85E4}.Debug|Any CPU.Build.0 = Debug|Any CPU
		{299B7F36-3CBB-488C-901E-B1ABAF1D85E4}.Release|Any CPU.ActiveCfg = Release|Any CPU
		{299B7F36-3CBB-488C-901E-B1ABAF1D85E4}.Release|Any CPU.Build.0 = Release|Any CPU
		{9524E8A8-3E7F-4422-8E69-54A72BB8DB48}.Debug|Any CPU.ActiveCfg = Debug|Any CPU
		{9524E8A8-3E7F-4422-8E69-54A72BB8DB48}.Debug|Any CPU.Build.0 = Debug|Any CPU
		{9524E8A8-3E7F-4422-8E69-54A72BB8DB48}.Release|Any CPU.ActiveCfg = Release|Any CPU
		{9524E8A8-3E7F-4422-8E69-54A72BB8DB48}.Release|Any CPU.Build.0 = Release|Any CPU
	EndGlobalSection
	GlobalSection(SolutionProperties) = preSolution
		HideSolutionNode = FALSE
	EndGlobalSection
	GlobalSection(ExtensibilityGlobals) = postSolution
		SolutionGuid = {4F318BDB-E78D-44EB-98CD-EEF180F833D2}
	EndGlobalSection
EndGlobal
